
Microsoft Visual Studio Solution File, Format Version 12.00
Project("{F2A71F9B-5D33-465A-A702-920D77279786}") = "fsharp-psu-2023", "fsharp-psu-2023.fsproj", "{A8617681-002E-47DB-A135-0AD586E24216}"
EndProject
Global
	GlobalSection(SolutionConfigurationPlatforms) = preSolution
		Debug|Any CPU = Debug|Any CPU
		Release|Any CPU = Release|Any CPU
	EndGlobalSection
	GlobalSection(ProjectConfigurationPlatforms) = postSolution
		{A8617681-002E-47DB-A135-0AD586E24216}.Debug|Any CPU.ActiveCfg = Debug|Any CPU
		{A8617681-002E-47DB-A135-0AD586E24216}.Debug|Any CPU.Build.0 = Debug|Any CPU
		{A8617681-002E-47DB-A135-0AD586E24216}.Release|Any CPU.ActiveCfg = Release|Any CPU
		{A8617681-002E-47DB-A135-0AD586E24216}.Release|Any CPU.Build.0 = Release|Any CPU
	EndGlobalSection
EndGlobal
